// !$*UTF8*$!
{
	archiveVersion = 1;
	classes = {
	};
	objectVersion = 46;
	objects = {

/* Begin PBXBuildFile section */
		360104681819B34C001C38DE /* page-template.png in Resources */ = {isa = PBXBuildFile; fileRef = 360104661819B34C001C38DE /* page-template.png */; };
		3601213618358BB4006C497D /* brushSizeLabel.png in Resources */ = {isa = PBXBuildFile; fileRef = 3601213418358BB4006C497D /* brushSizeLabel.png */; };
		3601213718358BB4006C497D /* opacityLabel.png in Resources */ = {isa = PBXBuildFile; fileRef = 3601213518358BB4006C497D /* opacityLabel.png */; };
		3601213918359415006C497D /* previewLabel.png in Resources */ = {isa = PBXBuildFile; fileRef = 3601213818359415006C497D /* previewLabel.png */; };
		3601213D18359523006C497D /* background-blue.png in Resources */ = {isa = PBXBuildFile; fileRef = 3601213A18359523006C497D /* background-blue.png */; };
		3601213E18359523006C497D /* background-green.png in Resources */ = {isa = PBXBuildFile; fileRef = 3601213B18359523006C497D /* background-green.png */; };
		3601213F18359523006C497D /* background-yello.png in Resources */ = {isa = PBXBuildFile; fileRef = 3601213C18359523006C497D /* background-yello.png */; };
		3612EC32183ECB1C00A3CB71 /* thumbBunny.png in Resources */ = {isa = PBXBuildFile; fileRef = 3612EC30183ECB1C00A3CB71 /* thumbBunny.png */; };
		3612EC33183ECB1C00A3CB71 /* thumbPizza.png in Resources */ = {isa = PBXBuildFile; fileRef = 3612EC31183ECB1C00A3CB71 /* thumbPizza.png */; };
		36136C3F183C18A200655255 /* soundoff.png in Resources */ = {isa = PBXBuildFile; fileRef = 36136C3D183C18A200655255 /* soundoff.png */; };
		36136C40183C18A200655255 /* soundon.png in Resources */ = {isa = PBXBuildFile; fileRef = 36136C3E183C18A200655255 /* soundon.png */; };
		36136C42183C18AD00655255 /* clapping.wav in Resources */ = {isa = PBXBuildFile; fileRef = 36136C41183C18AD00655255 /* clapping.wav */; };
		36136C57183C1BEE00655255 /* burgerlineart.png in Resources */ = {isa = PBXBuildFile; fileRef = 36136C4D183C1BEE00655255 /* burgerlineart.png */; };
		36136C58183C1BEE00655255 /* burgerThumb.png in Resources */ = {isa = PBXBuildFile; fileRef = 36136C4E183C1BEE00655255 /* burgerThumb.png */; };
		36136C59183C1BEE00655255 /* pizzalineart.png in Resources */ = {isa = PBXBuildFile; fileRef = 36136C4F183C1BEE00655255 /* pizzalineart.png */; };
		36136C5B183C1BEE00655255 /* puppy.png in Resources */ = {isa = PBXBuildFile; fileRef = 36136C51183C1BEE00655255 /* puppy.png */; };
		36136C5C183C1BEE00655255 /* puppyThumb.png in Resources */ = {isa = PBXBuildFile; fileRef = 36136C52183C1BEE00655255 /* puppyThumb.png */; };
		36136C5D183C1BEE00655255 /* teddybearlineart.png in Resources */ = {isa = PBXBuildFile; fileRef = 36136C53183C1BEE00655255 /* teddybearlineart.png */; };
		36136C5E183C1BEE00655255 /* teddyBearThumb.png in Resources */ = {isa = PBXBuildFile; fileRef = 36136C54183C1BEE00655255 /* teddyBearThumb.png */; };
		36136C60183C1CDE00655255 /* Bunney.png in Resources */ = {isa = PBXBuildFile; fileRef = 36136C5F183C1CDE00655255 /* Bunney.png */; };
		36136C62183C1F3600655255 /* brushPreviewHolder.png in Resources */ = {isa = PBXBuildFile; fileRef = 36136C61183C1F3600655255 /* brushPreviewHolder.png */; };
		362584391857DF2A000BF149 /* appIconiPhone.png in Resources */ = {isa = PBXBuildFile; fileRef = 362584381857DF2A000BF149 /* appIconiPhone.png */; };
		3625843B1857E0EB000BF149 /* loadingImageiPhone.png in Resources */ = {isa = PBXBuildFile; fileRef = 3625843A1857E0EB000BF149 /* loadingImageiPhone.png */; };
		3638486E183BF66900503516 /* backgroundMusicLabel.png in Resources */ = {isa = PBXBuildFile; fileRef = 36384868183BF66900503516 /* backgroundMusicLabel.png */; };
		3638486F183BF66900503516 /* brushPreviewLabel.png in Resources */ = {isa = PBXBuildFile; fileRef = 36384869183BF66900503516 /* brushPreviewLabel.png */; };
		36384870183BF66900503516 /* brushSizeLabel.png in Resources */ = {isa = PBXBuildFile; fileRef = 3638486A183BF66900503516 /* brushSizeLabel.png */; };
		36384871183BF66900503516 /* closeSettingsButton.png in Resources */ = {isa = PBXBuildFile; fileRef = 3638486B183BF66900503516 /* closeSettingsButton.png */; };
		36384872183BF66900503516 /* opacityLabel.png in Resources */ = {isa = PBXBuildFile; fileRef = 3638486C183BF66900503516 /* opacityLabel.png */; };
		36384873183BF66900503516 /* pagesLabel.png in Resources */ = {isa = PBXBuildFile; fileRef = 3638486D183BF66900503516 /* pagesLabel.png */; };
		363D8DCE18299CE700DE047C /* AVFoundation.framework in Frameworks */ = {isa = PBXBuildFile; fileRef = 363D8DCD18299CE700DE047C /* AVFoundation.framework */; };
		363D8DD018299D1000DE047C /* AudioToolbox.framework in Frameworks */ = {isa = PBXBuildFile; fileRef = 363D8DCF18299D1000DE047C /* AudioToolbox.framework */; };
		363D8DD31829A03C00DE047C /* Black.wav in Resources */ = {isa = PBXBuildFile; fileRef = 363D8DD21829A03C00DE047C /* Black.wav */; };
		363D8DE31829A2B000DE047C /* Blue.wav in Resources */ = {isa = PBXBuildFile; fileRef = 363D8DD41829A2B000DE047C /* Blue.wav */; };
		363D8DE41829A2B000DE047C /* Brown.wav in Resources */ = {isa = PBXBuildFile; fileRef = 363D8DD51829A2B000DE047C /* Brown.wav */; };
		363D8DE51829A2B000DE047C /* Green.wav in Resources */ = {isa = PBXBuildFile; fileRef = 363D8DD61829A2B000DE047C /* Green.wav */; };
		363D8DE61829A2B000DE047C /* Grey.wav in Resources */ = {isa = PBXBuildFile; fileRef = 363D8DD71829A2B000DE047C /* Grey.wav */; };
		363D8DE71829A2B000DE047C /* Light Blue.wav in Resources */ = {isa = PBXBuildFile; fileRef = 363D8DD81829A2B000DE047C /* Light Blue.wav */; };
		363D8DE81829A2B000DE047C /* Light Green.wav in Resources */ = {isa = PBXBuildFile; fileRef = 363D8DD91829A2B000DE047C /* Light Green.wav */; };
		363D8DE91829A2B000DE047C /* Maroon.wav in Resources */ = {isa = PBXBuildFile; fileRef = 363D8DDA1829A2B000DE047C /* Maroon.wav */; };
		363D8DEA1829A2B000DE047C /* Orange.wav in Resources */ = {isa = PBXBuildFile; fileRef = 363D8DDB1829A2B000DE047C /* Orange.wav */; };
		363D8DEB1829A2B000DE047C /* Pink.wav in Resources */ = {isa = PBXBuildFile; fileRef = 363D8DDC1829A2B000DE047C /* Pink.wav */; };
		363D8DEC1829A2B000DE047C /* Purple.wav in Resources */ = {isa = PBXBuildFile; fileRef = 363D8DDD1829A2B000DE047C /* Purple.wav */; };
		363D8DED1829A2B000DE047C /* Red.wav in Resources */ = {isa = PBXBuildFile; fileRef = 363D8DDE1829A2B000DE047C /* Red.wav */; };
		363D8DEE1829A2B000DE047C /* Tan.wav in Resources */ = {isa = PBXBuildFile; fileRef = 363D8DDF1829A2B000DE047C /* Tan.wav */; };
		363D8DEF1829A2B000DE047C /* White.wav in Resources */ = {isa = PBXBuildFile; fileRef = 363D8DE01829A2B000DE047C /* White.wav */; };
		363D8DF01829A2B000DE047C /* Yellow Green.wav in Resources */ = {isa = PBXBuildFile; fileRef = 363D8DE11829A2B000DE047C /* Yellow Green.wav */; };
		363D8DF11829A2B000DE047C /* Yellow.wav in Resources */ = {isa = PBXBuildFile; fileRef = 363D8DE21829A2B000DE047C /* Yellow.wav */; };
		36438EE11857ABE200FFD055 /* iPhoneStoryboard.storyboard in Resources */ = {isa = PBXBuildFile; fileRef = 36438EE01857ABE200FFD055 /* iPhoneStoryboard.storyboard */; };
		365379F71832EAF000F8FD92 /* Shareing.png in Resources */ = {isa = PBXBuildFile; fileRef = 365379F61832EAF000F8FD92 /* Shareing.png */; };
		365379FA1832FE3B00F8FD92 /* paletteBacking.png in Resources */ = {isa = PBXBuildFile; fileRef = 365379F81832FE3B00F8FD92 /* paletteBacking.png */; };
		365379FB1832FE3B00F8FD92 /* settingsBacking.png in Resources */ = {isa = PBXBuildFile; fileRef = 365379F91832FE3B00F8FD92 /* settingsBacking.png */; };
		366717F118161E7D00B3D443 /* UIKit.framework in Frameworks */ = {isa = PBXBuildFile; fileRef = 366717F018161E7D00B3D443 /* UIKit.framework */; };
		366717F318161E7D00B3D443 /* Foundation.framework in Frameworks */ = {isa = PBXBuildFile; fileRef = 366717F218161E7D00B3D443 /* Foundation.framework */; };
		366717F518161E7D00B3D443 /* CoreGraphics.framework in Frameworks */ = {isa = PBXBuildFile; fileRef = 366717F418161E7D00B3D443 /* CoreGraphics.framework */; };
		366717FB18161E7D00B3D443 /* InfoPlist.strings in Resources */ = {isa = PBXBuildFile; fileRef = 366717F918161E7D00B3D443 /* InfoPlist.strings */; };
		366717FD18161E7D00B3D443 /* main.m in Sources */ = {isa = PBXBuildFile; fileRef = 366717FC18161E7D00B3D443 /* main.m */; };
		3667180118161E7D00B3D443 /* AppDelegate.m in Sources */ = {isa = PBXBuildFile; fileRef = 3667180018161E7D00B3D443 /* AppDelegate.m */; };
		3667180318161E7D00B3D443 /* Default.png in Resources */ = {isa = PBXBuildFile; fileRef = 3667180218161E7D00B3D443 /* Default.png */; };
		3667180518161E7D00B3D443 /* Default@2x.png in Resources */ = {isa = PBXBuildFile; fileRef = 3667180418161E7D00B3D443 /* Default@2x.png */; };
		3667180718161E7D00B3D443 /* Default-568h@2x.png in Resources */ = {isa = PBXBuildFile; fileRef = 3667180618161E7D00B3D443 /* Default-568h@2x.png */; };
		3667180A18161E7D00B3D443 /* MainStoryboard.storyboard in Resources */ = {isa = PBXBuildFile; fileRef = 3667180818161E7D00B3D443 /* MainStoryboard.storyboard */; };
		3667180D18161E7D00B3D443 /* ViewController.m in Sources */ = {isa = PBXBuildFile; fileRef = 3667180C18161E7D00B3D443 /* ViewController.m */; };
		367214E9184E94B6003386B2 /* aboutLabel.png in Resources */ = {isa = PBXBuildFile; fileRef = 367214E8184E94B6003386B2 /* aboutLabel.png */; };
		367433D81850FFCC00BFE375 /* Ninjacat.png in Resources */ = {isa = PBXBuildFile; fileRef = 367433D71850FFCC00BFE375 /* Ninjacat.png */; };
		36AF1F5A18513A2D00BE42F7 /* colorbookicon.png in Resources */ = {isa = PBXBuildFile; fileRef = 36AF1F5818513A2D00BE42F7 /* colorbookicon.png */; };
		36AF1F5B18513A2D00BE42F7 /* loadingImage.png in Resources */ = {isa = PBXBuildFile; fileRef = 36AF1F5918513A2D00BE42F7 /* loadingImage.png */; };
		36AF1F5D18513A8100BE42F7 /* loadingImageSmall.png in Resources */ = {isa = PBXBuildFile; fileRef = 36AF1F5C18513A8100BE42F7 /* loadingImageSmall.png */; };
		36AF1F5F18513BDC00BE42F7 /* appIcon.png in Resources */ = {isa = PBXBuildFile; fileRef = 36AF1F5E18513BDC00BE42F7 /* appIcon.png */; };
		36AF1F6218513C4900BE42F7 /* settingsAppIcon.png in Resources */ = {isa = PBXBuildFile; fileRef = 36AF1F6018513C4900BE42F7 /* settingsAppIcon.png */; };
		36AF1F6318513C4900BE42F7 /* spotlightAppIcon.png in Resources */ = {isa = PBXBuildFile; fileRef = 36AF1F6118513C4900BE42F7 /* spotlightAppIcon.png */; };
		36B8FC651832CC5B00DA9A5D /* clearall.png in Resources */ = {isa = PBXBuildFile; fileRef = 36B8FC641832CC5B00DA9A5D /* clearall.png */; };
		36B8FC671832CC6500DA9A5D /* settings.png in Resources */ = {isa = PBXBuildFile; fileRef = 36B8FC661832CC6500DA9A5D /* settings.png */; };
		36C6A707183BE883001504E2 /* Ambler.mp3 in Resources */ = {isa = PBXBuildFile; fileRef = 36C6A706183BE883001504E2 /* Ambler.mp3 */; };
		36D0C5F2181B0D4900AE12DB /* SettingsViewController.m in Sources */ = {isa = PBXBuildFile; fileRef = 36D0C5F1181B0D4900AE12DB /* SettingsViewController.m */; };
		36DCA2C11819CAF700BDED69 /* _black.png in Resources */ = {isa = PBXBuildFile; fileRef = 36DCA2B11819CAF700BDED69 /* _black.png */; };
		36DCA2C21819CAF700BDED69 /* _blue.png in Resources */ = {isa = PBXBuildFile; fileRef = 36DCA2B21819CAF700BDED69 /* _blue.png */; };
		36DCA2C31819CAF700BDED69 /* _brown.png in Resources */ = {isa = PBXBuildFile; fileRef = 36DCA2B31819CAF700BDED69 /* _brown.png */; };
		36DCA2C41819CAF700BDED69 /* _gray.png in Resources */ = {isa = PBXBuildFile; fileRef = 36DCA2B41819CAF700BDED69 /* _gray.png */; };
		36DCA2C51819CAF700BDED69 /* _green.png in Resources */ = {isa = PBXBuildFile; fileRef = 36DCA2B51819CAF700BDED69 /* _green.png */; };
		36DCA2C61819CAF700BDED69 /* _lightblue.png in Resources */ = {isa = PBXBuildFile; fileRef = 36DCA2B61819CAF700BDED69 /* _lightblue.png */; };
		36DCA2C71819CAF700BDED69 /* _lightgreen.png in Resources */ = {isa = PBXBuildFile; fileRef = 36DCA2B71819CAF700BDED69 /* _lightgreen.png */; };
		36DCA2C81819CAF700BDED69 /* _maroon.png in Resources */ = {isa = PBXBuildFile; fileRef = 36DCA2B81819CAF700BDED69 /* _maroon.png */; };
		36DCA2C91819CAF700BDED69 /* _orange.png in Resources */ = {isa = PBXBuildFile; fileRef = 36DCA2B91819CAF700BDED69 /* _orange.png */; };
		36DCA2CA1819CAF700BDED69 /* _pink.png in Resources */ = {isa = PBXBuildFile; fileRef = 36DCA2BA1819CAF700BDED69 /* _pink.png */; };
		36DCA2CB1819CAF700BDED69 /* _purple.png in Resources */ = {isa = PBXBuildFile; fileRef = 36DCA2BB1819CAF700BDED69 /* _purple.png */; };
		36DCA2CC1819CAF700BDED69 /* _red.png in Resources */ = {isa = PBXBuildFile; fileRef = 36DCA2BC1819CAF700BDED69 /* _red.png */; };
		36DCA2CD1819CAF700BDED69 /* _tan.png in Resources */ = {isa = PBXBuildFile; fileRef = 36DCA2BD1819CAF700BDED69 /* _tan.png */; };
		36DCA2CE1819CAF700BDED69 /* _white.png in Resources */ = {isa = PBXBuildFile; fileRef = 36DCA2BE1819CAF700BDED69 /* _white.png */; };
		36DCA2CF1819CAF700BDED69 /* _yellow.png in Resources */ = {isa = PBXBuildFile; fileRef = 36DCA2BF1819CAF700BDED69 /* _yellow.png */; };
		36DCA2D01819CAF700BDED69 /* _yellowgreen.png in Resources */ = {isa = PBXBuildFile; fileRef = 36DCA2C01819CAF700BDED69 /* _yellowgreen.png */; };
		36DCA2D61819D77400BDED69 /* Eraser copy.png in Resources */ = {isa = PBXBuildFile; fileRef = 36DCA2D51819D77400BDED69 /* Eraser copy.png */; };
		36E29C68183C32E80023791B /* blankPage.png in Resources */ = {isa = PBXBuildFile; fileRef = 36E29C67183C32E80023791B /* blankPage.png */; };
/* End PBXBuildFile section */

/* Begin PBXFileReference section */
		360104661819B34C001C38DE /* page-template.png */ = {isa = PBXFileReference; lastKnownFileType = image.png; path = "page-template.png"; sourceTree = "<group>"; };
		3601213418358BB4006C497D /* brushSizeLabel.png */ = {isa = PBXFileReference; lastKnownFileType = image.png; path = brushSizeLabel.png; sourceTree = "<group>"; };
		3601213518358BB4006C497D /* opacityLabel.png */ = {isa = PBXFileReference; lastKnownFileType = image.png; path = opacityLabel.png; sourceTree = "<group>"; };
		3601213818359415006C497D /* previewLabel.png */ = {isa = PBXFileReference; lastKnownFileType = image.png; path = previewLabel.png; sourceTree = "<group>"; };
		3601213A18359523006C497D /* background-blue.png */ = {isa = PBXFileReference; lastKnownFileType = image.png; path = "background-blue.png"; sourceTree = "<group>"; };
		3601213B18359523006C497D /* background-green.png */ = {isa = PBXFileReference; lastKnownFileType = image.png; path = "background-green.png"; sourceTree = "<group>"; };
		3601213C18359523006C497D /* background-yello.png */ = {isa = PBXFileReference; lastKnownFileType = image.png; path = "background-yello.png"; sourceTree = "<group>"; };
		3612EC30183ECB1C00A3CB71 /* thumbBunny.png */ = {isa = PBXFileReference; lastKnownFileType = image.png; name = thumbBunny.png; path = coloringBookPages/thumbBunny.png; sourceTree = "<group>"; };
		3612EC31183ECB1C00A3CB71 /* thumbPizza.png */ = {isa = PBXFileReference; lastKnownFileType = image.png; name = thumbPizza.png; path = coloringBookPages/thumbPizza.png; sourceTree = "<group>"; };
		36136C3D183C18A200655255 /* soundoff.png */ = {isa = PBXFileReference; lastKnownFileType = image.png; path = soundoff.png; sourceTree = "<group>"; };
		36136C3E183C18A200655255 /* soundon.png */ = {isa = PBXFileReference; lastKnownFileType = image.png; path = soundon.png; sourceTree = "<group>"; };
		36136C41183C18AD00655255 /* clapping.wav */ = {isa = PBXFileReference; lastKnownFileType = audio.wav; name = clapping.wav; path = soundeffects/clapping.wav; sourceTree = "<group>"; };
		36136C4D183C1BEE00655255 /* burgerlineart.png */ = {isa = PBXFileReference; lastKnownFileType = image.png; name = burgerlineart.png; path = coloringBookPages/burgerlineart.png; sourceTree = "<group>"; };
		36136C4E183C1BEE00655255 /* burgerThumb.png */ = {isa = PBXFileReference; lastKnownFileType = image.png; name = burgerThumb.png; path = coloringBookPages/burgerThumb.png; sourceTree = "<group>"; };
		36136C4F183C1BEE00655255 /* pizzalineart.png */ = {isa = PBXFileReference; lastKnownFileType = image.png; name = pizzalineart.png; path = coloringBookPages/pizzalineart.png; sourceTree = "<group>"; };
		36136C51183C1BEE00655255 /* puppy.png */ = {isa = PBXFileReference; lastKnownFileType = image.png; name = puppy.png; path = coloringBookPages/puppy.png; sourceTree = "<group>"; };
		36136C52183C1BEE00655255 /* puppyThumb.png */ = {isa = PBXFileReference; lastKnownFileType = image.png; name = puppyThumb.png; path = coloringBookPages/puppyThumb.png; sourceTree = "<group>"; };
		36136C53183C1BEE00655255 /* teddybearlineart.png */ = {isa = PBXFileReference; lastKnownFileType = image.png; name = teddybearlineart.png; path = coloringBookPages/teddybearlineart.png; sourceTree = "<group>"; };
		36136C54183C1BEE00655255 /* teddyBearThumb.png */ = {isa = PBXFileReference; lastKnownFileType = image.png; name = teddyBearThumb.png; path = coloringBookPages/teddyBearThumb.png; sourceTree = "<group>"; };
		36136C5F183C1CDE00655255 /* Bunney.png */ = {isa = PBXFileReference; lastKnownFileType = image.png; name = Bunney.png; path = coloringBookPages/Bunney.png; sourceTree = "<group>"; };
		36136C61183C1F3600655255 /* brushPreviewHolder.png */ = {isa = PBXFileReference; lastKnownFileType = image.png; path = brushPreviewHolder.png; sourceTree = "<group>"; };
		362584381857DF2A000BF149 /* appIconiPhone.png */ = {isa = PBXFileReference; lastKnownFileType = image.png; path = appIconiPhone.png; sourceTree = "<group>"; };
		3625843A1857E0EB000BF149 /* loadingImageiPhone.png */ = {isa = PBXFileReference; lastKnownFileType = image.png; path = loadingImageiPhone.png; sourceTree = "<group>"; };
		36384868183BF66900503516 /* backgroundMusicLabel.png */ = {isa = PBXFileReference; lastKnownFileType = image.png; path = backgroundMusicLabel.png; sourceTree = "<group>"; };
		36384869183BF66900503516 /* brushPreviewLabel.png */ = {isa = PBXFileReference; lastKnownFileType = image.png; path = brushPreviewLabel.png; sourceTree = "<group>"; };
		3638486A183BF66900503516 /* brushSizeLabel.png */ = {isa = PBXFileReference; lastKnownFileType = image.png; path = brushSizeLabel.png; sourceTree = "<group>"; };
		3638486B183BF66900503516 /* closeSettingsButton.png */ = {isa = PBXFileReference; lastKnownFileType = image.png; path = closeSettingsButton.png; sourceTree = "<group>"; };
		3638486C183BF66900503516 /* opacityLabel.png */ = {isa = PBXFileReference; lastKnownFileType = image.png; path = opacityLabel.png; sourceTree = "<group>"; };
		3638486D183BF66900503516 /* pagesLabel.png */ = {isa = PBXFileReference; lastKnownFileType = image.png; path = pagesLabel.png; sourceTree = "<group>"; };
		363D8DCD18299CE700DE047C /* AVFoundation.framework */ = {isa = PBXFileReference; lastKnownFileType = wrapper.framework; name = AVFoundation.framework; path = System/Library/Frameworks/AVFoundation.framework; sourceTree = SDKROOT; };
		363D8DCF18299D1000DE047C /* AudioToolbox.framework */ = {isa = PBXFileReference; lastKnownFileType = wrapper.framework; name = AudioToolbox.framework; path = System/Library/Frameworks/AudioToolbox.framework; sourceTree = SDKROOT; };
		363D8DD21829A03C00DE047C /* Black.wav */ = {isa = PBXFileReference; lastKnownFileType = audio.wav; name = Black.wav; path = "sounds demo/Black.wav"; sourceTree = SOURCE_ROOT; };
		363D8DD41829A2B000DE047C /* Blue.wav */ = {isa = PBXFileReference; lastKnownFileType = audio.wav; name = Blue.wav; path = "sounds demo/Blue.wav"; sourceTree = SOURCE_ROOT; };
		363D8DD51829A2B000DE047C /* Brown.wav */ = {isa = PBXFileReference; lastKnownFileType = audio.wav; name = Brown.wav; path = "sounds demo/Brown.wav"; sourceTree = SOURCE_ROOT; };
		363D8DD61829A2B000DE047C /* Green.wav */ = {isa = PBXFileReference; lastKnownFileType = audio.wav; name = Green.wav; path = "sounds demo/Green.wav"; sourceTree = SOURCE_ROOT; };
		363D8DD71829A2B000DE047C /* Grey.wav */ = {isa = PBXFileReference; lastKnownFileType = audio.wav; name = Grey.wav; path = "sounds demo/Grey.wav"; sourceTree = SOURCE_ROOT; };
		363D8DD81829A2B000DE047C /* Light Blue.wav */ = {isa = PBXFileReference; lastKnownFileType = audio.wav; name = "Light Blue.wav"; path = "sounds demo/Light Blue.wav"; sourceTree = SOURCE_ROOT; };
		363D8DD91829A2B000DE047C /* Light Green.wav */ = {isa = PBXFileReference; lastKnownFileType = audio.wav; name = "Light Green.wav"; path = "sounds demo/Light Green.wav"; sourceTree = SOURCE_ROOT; };
		363D8DDA1829A2B000DE047C /* Maroon.wav */ = {isa = PBXFileReference; lastKnownFileType = audio.wav; name = Maroon.wav; path = "sounds demo/Maroon.wav"; sourceTree = SOURCE_ROOT; };
		363D8DDB1829A2B000DE047C /* Orange.wav */ = {isa = PBXFileReference; lastKnownFileType = audio.wav; name = Orange.wav; path = "sounds demo/Orange.wav"; sourceTree = SOURCE_ROOT; };
		363D8DDC1829A2B000DE047C /* Pink.wav */ = {isa = PBXFileReference; lastKnownFileType = audio.wav; name = Pink.wav; path = "sounds demo/Pink.wav"; sourceTree = SOURCE_ROOT; };
		363D8DDD1829A2B000DE047C /* Purple.wav */ = {isa = PBXFileReference; lastKnownFileType = audio.wav; name = Purple.wav; path = "sounds demo/Purple.wav"; sourceTree = SOURCE_ROOT; };
		363D8DDE1829A2B000DE047C /* Red.wav */ = {isa = PBXFileReference; lastKnownFileType = audio.wav; name = Red.wav; path = "sounds demo/Red.wav"; sourceTree = SOURCE_ROOT; };
		363D8DDF1829A2B000DE047C /* Tan.wav */ = {isa = PBXFileReference; lastKnownFileType = audio.wav; name = Tan.wav; path = "sounds demo/Tan.wav"; sourceTree = SOURCE_ROOT; };
		363D8DE01829A2B000DE047C /* White.wav */ = {isa = PBXFileReference; lastKnownFileType = audio.wav; name = White.wav; path = "sounds demo/White.wav"; sourceTree = SOURCE_ROOT; };
		363D8DE11829A2B000DE047C /* Yellow Green.wav */ = {isa = PBXFileReference; lastKnownFileType = audio.wav; name = "Yellow Green.wav"; path = "sounds demo/Yellow Green.wav"; sourceTree = SOURCE_ROOT; };
		363D8DE21829A2B000DE047C /* Yellow.wav */ = {isa = PBXFileReference; lastKnownFileType = audio.wav; name = Yellow.wav; path = "sounds demo/Yellow.wav"; sourceTree = SOURCE_ROOT; };
		363D8DF51829AF4D00DE047C /* soundEffects.h */ = {isa = PBXFileReference; lastKnownFileType = sourcecode.c.h; path = soundEffects.h; sourceTree = "<group>"; };
		36438EE01857ABE200FFD055 /* iPhoneStoryboard.storyboard */ = {isa = PBXFileReference; fileEncoding = 4; lastKnownFileType = file.storyboard; name = iPhoneStoryboard.storyboard; path = ../iPhoneStoryboard.storyboard; sourceTree = "<group>"; };
		365379F61832EAF000F8FD92 /* Shareing.png */ = {isa = PBXFileReference; lastKnownFileType = image.png; path = Shareing.png; sourceTree = "<group>"; };
		365379F81832FE3B00F8FD92 /* paletteBacking.png */ = {isa = PBXFileReference; lastKnownFileType = image.png; name = paletteBacking.png; path = ColoringBook/soundeffects/paletteBacking.png; sourceTree = SOURCE_ROOT; };
		365379F91832FE3B00F8FD92 /* settingsBacking.png */ = {isa = PBXFileReference; lastKnownFileType = image.png; name = settingsBacking.png; path = ColoringBook/soundeffects/settingsBacking.png; sourceTree = SOURCE_ROOT; };
		3663902D181725A2002CECCA /* drawingDefaults.h */ = {isa = PBXFileReference; lastKnownFileType = sourcecode.c.h; path = drawingDefaults.h; sourceTree = "<group>"; };
		366717ED18161E7D00B3D443 /* ColoringBook.app */ = {isa = PBXFileReference; explicitFileType = wrapper.application; includeInIndex = 0; path = ColoringBook.app; sourceTree = BUILT_PRODUCTS_DIR; };
		366717F018161E7D00B3D443 /* UIKit.framework */ = {isa = PBXFileReference; lastKnownFileType = wrapper.framework; name = UIKit.framework; path = System/Library/Frameworks/UIKit.framework; sourceTree = SDKROOT; };
		366717F218161E7D00B3D443 /* Foundation.framework */ = {isa = PBXFileReference; lastKnownFileType = wrapper.framework; name = Foundation.framework; path = System/Library/Frameworks/Foundation.framework; sourceTree = SDKROOT; };
		366717F418161E7D00B3D443 /* CoreGraphics.framework */ = {isa = PBXFileReference; lastKnownFileType = wrapper.framework; name = CoreGraphics.framework; path = System/Library/Frameworks/CoreGraphics.framework; sourceTree = SDKROOT; };
		366717F818161E7D00B3D443 /* ColoringBook-Info.plist */ = {isa = PBXFileReference; lastKnownFileType = text.plist.xml; path = "ColoringBook-Info.plist"; sourceTree = "<group>"; };
		366717FA18161E7D00B3D443 /* en */ = {isa = PBXFileReference; lastKnownFileType = text.plist.strings; name = en; path = en.lproj/InfoPlist.strings; sourceTree = "<group>"; };
		366717FC18161E7D00B3D443 /* main.m */ = {isa = PBXFileReference; lastKnownFileType = sourcecode.c.objc; path = main.m; sourceTree = "<group>"; };
		366717FE18161E7D00B3D443 /* ColoringBook-Prefix.pch */ = {isa = PBXFileReference; lastKnownFileType = sourcecode.c.h; path = "ColoringBook-Prefix.pch"; sourceTree = "<group>"; };
		366717FF18161E7D00B3D443 /* AppDelegate.h */ = {isa = PBXFileReference; lastKnownFileType = sourcecode.c.h; path = AppDelegate.h; sourceTree = "<group>"; };
		3667180018161E7D00B3D443 /* AppDelegate.m */ = {isa = PBXFileReference; lastKnownFileType = sourcecode.c.objc; path = AppDelegate.m; sourceTree = "<group>"; };
		3667180218161E7D00B3D443 /* Default.png */ = {isa = PBXFileReference; lastKnownFileType = image.png; path = Default.png; sourceTree = "<group>"; };
		3667180418161E7D00B3D443 /* Default@2x.png */ = {isa = PBXFileReference; lastKnownFileType = image.png; path = "Default@2x.png"; sourceTree = "<group>"; };
		3667180618161E7D00B3D443 /* Default-568h@2x.png */ = {isa = PBXFileReference; lastKnownFileType = image.png; path = "Default-568h@2x.png"; sourceTree = "<group>"; };
		3667180918161E7D00B3D443 /* en */ = {isa = PBXFileReference; lastKnownFileType = file.storyboard; name = en; path = en.lproj/MainStoryboard.storyboard; sourceTree = "<group>"; };
		3667180B18161E7D00B3D443 /* ViewController.h */ = {isa = PBXFileReference; lastKnownFileType = sourcecode.c.h; path = ViewController.h; sourceTree = "<group>"; };
		3667180C18161E7D00B3D443 /* ViewController.m */ = {isa = PBXFileReference; lastKnownFileType = sourcecode.c.objc; path = ViewController.m; sourceTree = "<group>"; };
		367214E8184E94B6003386B2 /* aboutLabel.png */ = {isa = PBXFileReference; lastKnownFileType = image.png; path = aboutLabel.png; sourceTree = "<group>"; };
		367433D71850FFCC00BFE375 /* Ninjacat.png */ = {isa = PBXFileReference; lastKnownFileType = image.png; name = Ninjacat.png; path = coloringBookPages/Ninjacat.png; sourceTree = "<group>"; };
		36AF1F5818513A2D00BE42F7 /* colorbookicon.png */ = {isa = PBXFileReference; lastKnownFileType = image.png; path = colorbookicon.png; sourceTree = "<group>"; };
		36AF1F5918513A2D00BE42F7 /* loadingImage.png */ = {isa = PBXFileReference; lastKnownFileType = image.png; path = loadingImage.png; sourceTree = "<group>"; };
		36AF1F5C18513A8100BE42F7 /* loadingImageSmall.png */ = {isa = PBXFileReference; lastKnownFileType = image.png; path = loadingImageSmall.png; sourceTree = "<group>"; };
		36AF1F5E18513BDC00BE42F7 /* appIcon.png */ = {isa = PBXFileReference; lastKnownFileType = image.png; path = appIcon.png; sourceTree = "<group>"; };
		36AF1F6018513C4900BE42F7 /* settingsAppIcon.png */ = {isa = PBXFileReference; lastKnownFileType = image.png; path = settingsAppIcon.png; sourceTree = "<group>"; };
		36AF1F6118513C4900BE42F7 /* spotlightAppIcon.png */ = {isa = PBXFileReference; lastKnownFileType = image.png; path = spotlightAppIcon.png; sourceTree = "<group>"; };
		36B8FC641832CC5B00DA9A5D /* clearall.png */ = {isa = PBXFileReference; lastKnownFileType = image.png; path = clearall.png; sourceTree = "<group>"; };
		36B8FC661832CC6500DA9A5D /* settings.png */ = {isa = PBXFileReference; lastKnownFileType = image.png; path = settings.png; sourceTree = "<group>"; };
		36C6A706183BE883001504E2 /* Ambler.mp3 */ = {isa = PBXFileReference; lastKnownFileType = audio.mp3; name = Ambler.mp3; path = "Colorbook sounds/Ambler.mp3"; sourceTree = SOURCE_ROOT; };
		36D0C5F0181B0D4900AE12DB /* SettingsViewController.h */ = {isa = PBXFileReference; fileEncoding = 4; lastKnownFileType = sourcecode.c.h; path = SettingsViewController.h; sourceTree = "<group>"; };
		36D0C5F1181B0D4900AE12DB /* SettingsViewController.m */ = {isa = PBXFileReference; fileEncoding = 4; lastKnownFileType = sourcecode.c.objc; path = SettingsViewController.m; sourceTree = "<group>"; };
		36DCA2B11819CAF700BDED69 /* _black.png */ = {isa = PBXFileReference; lastKnownFileType = image.png; path = _black.png; sourceTree = "<group>"; };
		36DCA2B21819CAF700BDED69 /* _blue.png */ = {isa = PBXFileReference; lastKnownFileType = image.png; path = _blue.png; sourceTree = "<group>"; };
		36DCA2B31819CAF700BDED69 /* _brown.png */ = {isa = PBXFileReference; lastKnownFileType = image.png; path = _brown.png; sourceTree = "<group>"; };
		36DCA2B41819CAF700BDED69 /* _gray.png */ = {isa = PBXFileReference; lastKnownFileType = image.png; path = _gray.png; sourceTree = "<group>"; };
		36DCA2B51819CAF700BDED69 /* _green.png */ = {isa = PBXFileReference; lastKnownFileType = image.png; path = _green.png; sourceTree = "<group>"; };
		36DCA2B61819CAF700BDED69 /* _lightblue.png */ = {isa = PBXFileReference; lastKnownFileType = image.png; path = _lightblue.png; sourceTree = "<group>"; };
		36DCA2B71819CAF700BDED69 /* _lightgreen.png */ = {isa = PBXFileReference; lastKnownFileType = image.png; path = _lightgreen.png; sourceTree = "<group>"; };
		36DCA2B81819CAF700BDED69 /* _maroon.png */ = {isa = PBXFileReference; lastKnownFileType = image.png; path = _maroon.png; sourceTree = "<group>"; };
		36DCA2B91819CAF700BDED69 /* _orange.png */ = {isa = PBXFileReference; lastKnownFileType = image.png; path = _orange.png; sourceTree = "<group>"; };
		36DCA2BA1819CAF700BDED69 /* _pink.png */ = {isa = PBXFileReference; lastKnownFileType = image.png; path = _pink.png; sourceTree = "<group>"; };
		36DCA2BB1819CAF700BDED69 /* _purple.png */ = {isa = PBXFileReference; lastKnownFileType = image.png; path = _purple.png; sourceTree = "<group>"; };
		36DCA2BC1819CAF700BDED69 /* _red.png */ = {isa = PBXFileReference; lastKnownFileType = image.png; path = _red.png; sourceTree = "<group>"; };
		36DCA2BD1819CAF700BDED69 /* _tan.png */ = {isa = PBXFileReference; lastKnownFileType = image.png; path = _tan.png; sourceTree = "<group>"; };
		36DCA2BE1819CAF700BDED69 /* _white.png */ = {isa = PBXFileReference; lastKnownFileType = image.png; path = _white.png; sourceTree = "<group>"; };
		36DCA2BF1819CAF700BDED69 /* _yellow.png */ = {isa = PBXFileReference; lastKnownFileType = image.png; path = _yellow.png; sourceTree = "<group>"; };
		36DCA2C01819CAF700BDED69 /* _yellowgreen.png */ = {isa = PBXFileReference; lastKnownFileType = image.png; path = _yellowgreen.png; sourceTree = "<group>"; };
		36DCA2D51819D77400BDED69 /* Eraser copy.png */ = {isa = PBXFileReference; lastKnownFileType = image.png; path = "Eraser copy.png"; sourceTree = "<group>"; };
		36E29C67183C32E80023791B /* blankPage.png */ = {isa = PBXFileReference; lastKnownFileType = image.png; name = blankPage.png; path = coloringBookPages/blankPage.png; sourceTree = "<group>"; };
/* End PBXFileReference section */

/* Begin PBXFrameworksBuildPhase section */
		366717EA18161E7D00B3D443 /* Frameworks */ = {
			isa = PBXFrameworksBuildPhase;
			buildActionMask = 2147483647;
			files = (
				363D8DD018299D1000DE047C /* AudioToolbox.framework in Frameworks */,
				363D8DCE18299CE700DE047C /* AVFoundation.framework in Frameworks */,
				366717F118161E7D00B3D443 /* UIKit.framework in Frameworks */,
				366717F318161E7D00B3D443 /* Foundation.framework in Frameworks */,
				366717F518161E7D00B3D443 /* CoreGraphics.framework in Frameworks */,
			);
			runOnlyForDeploymentPostprocessing = 0;
		};
/* End PBXFrameworksBuildPhase section */

/* Begin PBXGroup section */
		360104641819B34C001C38DE /* gui */ = {
			isa = PBXGroup;
			children = (
				3625843A1857E0EB000BF149 /* loadingImageiPhone.png */,
				362584381857DF2A000BF149 /* appIconiPhone.png */,
				36AF1F6018513C4900BE42F7 /* settingsAppIcon.png */,
				36AF1F6118513C4900BE42F7 /* spotlightAppIcon.png */,
				36AF1F5E18513BDC00BE42F7 /* appIcon.png */,
				36AF1F5C18513A8100BE42F7 /* loadingImageSmall.png */,
				36AF1F5818513A2D00BE42F7 /* colorbookicon.png */,
				36AF1F5918513A2D00BE42F7 /* loadingImage.png */,
				367214E8184E94B6003386B2 /* aboutLabel.png */,
				36136C61183C1F3600655255 /* brushPreviewHolder.png */,
				36136C3D183C18A200655255 /* soundoff.png */,
				36136C3E183C18A200655255 /* soundon.png */,
				36384868183BF66900503516 /* backgroundMusicLabel.png */,
				36384869183BF66900503516 /* brushPreviewLabel.png */,
				3638486A183BF66900503516 /* brushSizeLabel.png */,
				3638486B183BF66900503516 /* closeSettingsButton.png */,
				3638486C183BF66900503516 /* opacityLabel.png */,
				3638486D183BF66900503516 /* pagesLabel.png */,
				3601213A18359523006C497D /* background-blue.png */,
				3601213B18359523006C497D /* background-green.png */,
				3601213C18359523006C497D /* background-yello.png */,
				3601213818359415006C497D /* previewLabel.png */,
				3601213418358BB4006C497D /* brushSizeLabel.png */,
				3601213518358BB4006C497D /* opacityLabel.png */,
				365379F81832FE3B00F8FD92 /* paletteBacking.png */,
				365379F91832FE3B00F8FD92 /* settingsBacking.png */,
				365379F61832EAF000F8FD92 /* Shareing.png */,
				36B8FC661832CC6500DA9A5D /* settings.png */,
				36B8FC641832CC5B00DA9A5D /* clearall.png */,
				36DCA2D51819D77400BDED69 /* Eraser copy.png */,
				36DCA2B11819CAF700BDED69 /* _black.png */,
				36DCA2B21819CAF700BDED69 /* _blue.png */,
				36DCA2B31819CAF700BDED69 /* _brown.png */,
				36DCA2B41819CAF700BDED69 /* _gray.png */,
				36DCA2B51819CAF700BDED69 /* _green.png */,
				36DCA2B61819CAF700BDED69 /* _lightblue.png */,
				36DCA2B71819CAF700BDED69 /* _lightgreen.png */,
				36DCA2B81819CAF700BDED69 /* _maroon.png */,
				36DCA2B91819CAF700BDED69 /* _orange.png */,
				36DCA2BA1819CAF700BDED69 /* _pink.png */,
				36DCA2BB1819CAF700BDED69 /* _purple.png */,
				36DCA2BC1819CAF700BDED69 /* _red.png */,
				36DCA2BD1819CAF700BDED69 /* _tan.png */,
				36DCA2BE1819CAF700BDED69 /* _white.png */,
				36DCA2BF1819CAF700BDED69 /* _yellow.png */,
				36DCA2C01819CAF700BDED69 /* _yellowgreen.png */,
				360104661819B34C001C38DE /* page-template.png */,
			);
			path = gui;
			sourceTree = "<group>";
		};
		363D8DD11829A02E00DE047C /* sfx */ = {
			isa = PBXGroup;
			children = (
				36136C41183C18AD00655255 /* clapping.wav */,
				36C6A706183BE883001504E2 /* Ambler.mp3 */,
				363D8DD41829A2B000DE047C /* Blue.wav */,
				363D8DD51829A2B000DE047C /* Brown.wav */,
				363D8DD61829A2B000DE047C /* Green.wav */,
				363D8DD71829A2B000DE047C /* Grey.wav */,
				363D8DD81829A2B000DE047C /* Light Blue.wav */,
				363D8DD91829A2B000DE047C /* Light Green.wav */,
				363D8DDA1829A2B000DE047C /* Maroon.wav */,
				363D8DDB1829A2B000DE047C /* Orange.wav */,
				363D8DDC1829A2B000DE047C /* Pink.wav */,
				363D8DDD1829A2B000DE047C /* Purple.wav */,
				363D8DDE1829A2B000DE047C /* Red.wav */,
				363D8DDF1829A2B000DE047C /* Tan.wav */,
				363D8DE01829A2B000DE047C /* White.wav */,
				363D8DE11829A2B000DE047C /* Yellow Green.wav */,
				363D8DE21829A2B000DE047C /* Yellow.wav */,
				363D8DD21829A03C00DE047C /* Black.wav */,
			);
			name = sfx;
			sourceTree = "<group>";
		};
		366717E418161E7D00B3D443 = {
			isa = PBXGroup;
			children = (
				366717F618161E7D00B3D443 /* ColoringBook */,
				366717EF18161E7D00B3D443 /* Frameworks */,
				366717EE18161E7D00B3D443 /* Products */,
			);
			sourceTree = "<group>";
		};
		366717EE18161E7D00B3D443 /* Products */ = {
			isa = PBXGroup;
			children = (
				366717ED18161E7D00B3D443 /* ColoringBook.app */,
			);
			name = Products;
			sourceTree = "<group>";
		};
		366717EF18161E7D00B3D443 /* Frameworks */ = {
			isa = PBXGroup;
			children = (
				363D8DCF18299D1000DE047C /* AudioToolbox.framework */,
				363D8DCD18299CE700DE047C /* AVFoundation.framework */,
				366717F018161E7D00B3D443 /* UIKit.framework */,
				366717F218161E7D00B3D443 /* Foundation.framework */,
				366717F418161E7D00B3D443 /* CoreGraphics.framework */,
			);
			name = Frameworks;
			sourceTree = "<group>";
		};
		366717F618161E7D00B3D443 /* ColoringBook */ = {
			isa = PBXGroup;
			children = (
				368781A5182C53D30093108E /* coloringBookPages */,
				363D8DD11829A02E00DE047C /* sfx */,
				360104641819B34C001C38DE /* gui */,
				366717FF18161E7D00B3D443 /* AppDelegate.h */,
				3667180018161E7D00B3D443 /* AppDelegate.m */,
				36438EE01857ABE200FFD055 /* iPhoneStoryboard.storyboard */,
				3667180818161E7D00B3D443 /* MainStoryboard.storyboard */,
				3667180B18161E7D00B3D443 /* ViewController.h */,
				3667180C18161E7D00B3D443 /* ViewController.m */,
				3663902D181725A2002CECCA /* drawingDefaults.h */,
				36D0C5F0181B0D4900AE12DB /* SettingsViewController.h */,
				36D0C5F1181B0D4900AE12DB /* SettingsViewController.m */,
				363D8DF51829AF4D00DE047C /* soundEffects.h */,
				366717F718161E7D00B3D443 /* Supporting Files */,
			);
			path = ColoringBook;
			sourceTree = "<group>";
		};
		366717F718161E7D00B3D443 /* Supporting Files */ = {
			isa = PBXGroup;
			children = (
				366717F818161E7D00B3D443 /* ColoringBook-Info.plist */,
				366717F918161E7D00B3D443 /* InfoPlist.strings */,
				366717FC18161E7D00B3D443 /* main.m */,
				366717FE18161E7D00B3D443 /* ColoringBook-Prefix.pch */,
				3667180218161E7D00B3D443 /* Default.png */,
				3667180418161E7D00B3D443 /* Default@2x.png */,
				3667180618161E7D00B3D443 /* Default-568h@2x.png */,
			);
			name = "Supporting Files";
			sourceTree = "<group>";
		};
		368781A5182C53D30093108E /* coloringBookPages */ = {
			isa = PBXGroup;
			children = (
				367433D71850FFCC00BFE375 /* Ninjacat.png */,
				36E29C67183C32E80023791B /* blankPage.png */,
				36136C5F183C1CDE00655255 /* Bunney.png */,
				36136C4D183C1BEE00655255 /* burgerlineart.png */,
				3612EC30183ECB1C00A3CB71 /* thumbBunny.png */,
				3612EC31183ECB1C00A3CB71 /* thumbPizza.png */,
				36136C4E183C1BEE00655255 /* burgerThumb.png */,
				36136C4F183C1BEE00655255 /* pizzalineart.png */,
				36136C51183C1BEE00655255 /* puppy.png */,
				36136C52183C1BEE00655255 /* puppyThumb.png */,
				36136C53183C1BEE00655255 /* teddybearlineart.png */,
				36136C54183C1BEE00655255 /* teddyBearThumb.png */,
			);
			name = coloringBookPages;
			sourceTree = "<group>";
		};
/* End PBXGroup section */

/* Begin PBXNativeTarget section */
		366717EC18161E7D00B3D443 /* ColoringBook */ = {
			isa = PBXNativeTarget;
			buildConfigurationList = 3667181018161E7D00B3D443 /* Build configuration list for PBXNativeTarget "ColoringBook" */;
			buildPhases = (
				366717E918161E7D00B3D443 /* Sources */,
				366717EA18161E7D00B3D443 /* Frameworks */,
				366717EB18161E7D00B3D443 /* Resources */,
			);
			buildRules = (
			);
			dependencies = (
			);
			name = ColoringBook;
			productName = ColoringBook;
			productReference = 366717ED18161E7D00B3D443 /* ColoringBook.app */;
			productType = "com.apple.product-type.application";
		};
/* End PBXNativeTarget section */

/* Begin PBXProject section */
		366717E518161E7D00B3D443 /* Project object */ = {
			isa = PBXProject;
			attributes = {
				LastUpgradeCheck = 0460;
				ORGANIZATIONNAME = "LCSC-CS360";
				TargetAttributes = {
					366717EC18161E7D00B3D443 = {
						DevelopmentTeam = T6XCFUKW5U;
					};
				};
			};
			buildConfigurationList = 366717E818161E7D00B3D443 /* Build configuration list for PBXProject "ColoringBook" */;
			compatibilityVersion = "Xcode 3.2";
			developmentRegion = English;
			hasScannedForEncodings = 0;
			knownRegions = (
				en,
			);
			mainGroup = 366717E418161E7D00B3D443;
			productRefGroup = 366717EE18161E7D00B3D443 /* Products */;
			projectDirPath = "";
			projectRoot = "";
			targets = (
				366717EC18161E7D00B3D443 /* ColoringBook */,
			);
		};
/* End PBXProject section */

/* Begin PBXResourcesBuildPhase section */
		366717EB18161E7D00B3D443 /* Resources */ = {
			isa = PBXResourcesBuildPhase;
			buildActionMask = 2147483647;
			files = (
				3625843B1857E0EB000BF149 /* loadingImageiPhone.png in Resources */,
				3601213918359415006C497D /* previewLabel.png in Resources */,
				36136C5B183C1BEE00655255 /* puppy.png in Resources */,
				36DCA2C11819CAF700BDED69 /* _black.png in Resources */,
				363D8DE71829A2B000DE047C /* Light Blue.wav in Resources */,
				3612EC32183ECB1C00A3CB71 /* thumbBunny.png in Resources */,
				362584391857DF2A000BF149 /* appIconiPhone.png in Resources */,
				36136C3F183C18A200655255 /* soundoff.png in Resources */,
				36AF1F6218513C4900BE42F7 /* settingsAppIcon.png in Resources */,
				363D8DEC1829A2B000DE047C /* Purple.wav in Resources */,
				363D8DEA1829A2B000DE047C /* Orange.wav in Resources */,
				363D8DE51829A2B000DE047C /* Green.wav in Resources */,
				36136C40183C18A200655255 /* soundon.png in Resources */,
				363D8DE31829A2B000DE047C /* Blue.wav in Resources */,
				36136C58183C1BEE00655255 /* burgerThumb.png in Resources */,
				36384872183BF66900503516 /* opacityLabel.png in Resources */,
				3638486F183BF66900503516 /* brushPreviewLabel.png in Resources */,
				363D8DEE1829A2B000DE047C /* Tan.wav in Resources */,
				3601213F18359523006C497D /* background-yello.png in Resources */,
				3601213618358BB4006C497D /* brushSizeLabel.png in Resources */,
				367433D81850FFCC00BFE375 /* Ninjacat.png in Resources */,
				36384870183BF66900503516 /* brushSizeLabel.png in Resources */,
				365379FB1832FE3B00F8FD92 /* settingsBacking.png in Resources */,
				366717FB18161E7D00B3D443 /* InfoPlist.strings in Resources */,
				36DCA2CB1819CAF700BDED69 /* _purple.png in Resources */,
				36136C42183C18AD00655255 /* clapping.wav in Resources */,
				36AF1F5A18513A2D00BE42F7 /* colorbookicon.png in Resources */,
				367214E9184E94B6003386B2 /* aboutLabel.png in Resources */,
				36E29C68183C32E80023791B /* blankPage.png in Resources */,
				363D8DF11829A2B000DE047C /* Yellow.wav in Resources */,
				3667180318161E7D00B3D443 /* Default.png in Resources */,
				36136C59183C1BEE00655255 /* pizzalineart.png in Resources */,
				36DCA2C31819CAF700BDED69 /* _brown.png in Resources */,
				3638486E183BF66900503516 /* backgroundMusicLabel.png in Resources */,
				36DCA2CE1819CAF700BDED69 /* _white.png in Resources */,
				3601213E18359523006C497D /* background-green.png in Resources */,
				36DCA2C21819CAF700BDED69 /* _blue.png in Resources */,
				363D8DE81829A2B000DE047C /* Light Green.wav in Resources */,
				36136C5C183C1BEE00655255 /* puppyThumb.png in Resources */,
				365379F71832EAF000F8FD92 /* Shareing.png in Resources */,
				36AF1F5D18513A8100BE42F7 /* loadingImageSmall.png in Resources */,
				360104681819B34C001C38DE /* page-template.png in Resources */,
				36DCA2C41819CAF700BDED69 /* _gray.png in Resources */,
				365379FA1832FE3B00F8FD92 /* paletteBacking.png in Resources */,
				36DCA2C71819CAF700BDED69 /* _lightgreen.png in Resources */,
				363D8DF01829A2B000DE047C /* Yellow Green.wav in Resources */,
				36136C5E183C1BEE00655255 /* teddyBearThumb.png in Resources */,
				36B8FC651832CC5B00DA9A5D /* clearall.png in Resources */,
				36DCA2CF1819CAF700BDED69 /* _yellow.png in Resources */,
				36DCA2C91819CAF700BDED69 /* _orange.png in Resources */,
				3667180518161E7D00B3D443 /* Default@2x.png in Resources */,
				363D8DE61829A2B000DE047C /* Grey.wav in Resources */,
				363D8DEB1829A2B000DE047C /* Pink.wav in Resources */,
				36AF1F5F18513BDC00BE42F7 /* appIcon.png in Resources */,
				36384873183BF66900503516 /* pagesLabel.png in Resources */,
				36DCA2D01819CAF700BDED69 /* _yellowgreen.png in Resources */,
				36384871183BF66900503516 /* closeSettingsButton.png in Resources */,
				36DCA2CC1819CAF700BDED69 /* _red.png in Resources */,
				36136C62183C1F3600655255 /* brushPreviewHolder.png in Resources */,
				3612EC33183ECB1C00A3CB71 /* thumbPizza.png in Resources */,
				36DCA2CD1819CAF700BDED69 /* _tan.png in Resources */,
				363D8DEF1829A2B000DE047C /* White.wav in Resources */,
				363D8DED1829A2B000DE047C /* Red.wav in Resources */,
				363D8DE41829A2B000DE047C /* Brown.wav in Resources */,
				36136C5D183C1BEE00655255 /* teddybearlineart.png in Resources */,
				36136C57183C1BEE00655255 /* burgerlineart.png in Resources */,
				363D8DE91829A2B000DE047C /* Maroon.wav in Resources */,
				36438EE11857ABE200FFD055 /* iPhoneStoryboard.storyboard in Resources */,
				3601213D18359523006C497D /* background-blue.png in Resources */,
				36DCA2C81819CAF700BDED69 /* _maroon.png in Resources */,
				36DCA2C61819CAF700BDED69 /* _lightblue.png in Resources */,
				36C6A707183BE883001504E2 /* Ambler.mp3 in Resources */,
				36136C60183C1CDE00655255 /* Bunney.png in Resources */,
				363D8DD31829A03C00DE047C /* Black.wav in Resources */,
				36AF1F5B18513A2D00BE42F7 /* loadingImage.png in Resources */,
				36B8FC671832CC6500DA9A5D /* settings.png in Resources */,
				3667180718161E7D00B3D443 /* Default-568h@2x.png in Resources */,
				36DCA2CA1819CAF700BDED69 /* _pink.png in Resources */,
				3601213718358BB4006C497D /* opacityLabel.png in Resources */,
				3667180A18161E7D00B3D443 /* MainStoryboard.storyboard in Resources */,
				36DCA2D61819D77400BDED69 /* Eraser copy.png in Resources */,
				36DCA2C51819CAF700BDED69 /* _green.png in Resources */,
				36AF1F6318513C4900BE42F7 /* spotlightAppIcon.png in Resources */,
			);
			runOnlyForDeploymentPostprocessing = 0;
		};
/* End PBXResourcesBuildPhase section */

/* Begin PBXSourcesBuildPhase section */
		366717E918161E7D00B3D443 /* Sources */ = {
			isa = PBXSourcesBuildPhase;
			buildActionMask = 2147483647;
			files = (
				366717FD18161E7D00B3D443 /* main.m in Sources */,
				3667180118161E7D00B3D443 /* AppDelegate.m in Sources */,
				3667180D18161E7D00B3D443 /* ViewController.m in Sources */,
				36D0C5F2181B0D4900AE12DB /* SettingsViewController.m in Sources */,
			);
			runOnlyForDeploymentPostprocessing = 0;
		};
/* End PBXSourcesBuildPhase section */

/* Begin PBXVariantGroup section */
		366717F918161E7D00B3D443 /* InfoPlist.strings */ = {
			isa = PBXVariantGroup;
			children = (
				366717FA18161E7D00B3D443 /* en */,
			);
			name = InfoPlist.strings;
			sourceTree = "<group>";
		};
		3667180818161E7D00B3D443 /* MainStoryboard.storyboard */ = {
			isa = PBXVariantGroup;
			children = (
				3667180918161E7D00B3D443 /* en */,
			);
			name = MainStoryboard.storyboard;
			sourceTree = "<group>";
		};
/* End PBXVariantGroup section */

/* Begin XCBuildConfiguration section */
		3667180E18161E7D00B3D443 /* Debug */ = {
			isa = XCBuildConfiguration;
			buildSettings = {
				ALWAYS_SEARCH_USER_PATHS = NO;
				CLANG_CXX_LANGUAGE_STANDARD = "gnu++0x";
				CLANG_CXX_LIBRARY = "libc++";
				CLANG_ENABLE_OBJC_ARC = YES;
				CLANG_WARN_CONSTANT_CONVERSION = YES;
				CLANG_WARN_EMPTY_BODY = YES;
				CLANG_WARN_ENUM_CONVERSION = YES;
				CLANG_WARN_INT_CONVERSION = YES;
				CLANG_WARN__DUPLICATE_METHOD_MATCH = YES;
				"CODE_SIGN_IDENTITY[sdk=iphoneos*]" = "iPhone Developer";
				COPY_PHASE_STRIP = NO;
				GCC_C_LANGUAGE_STANDARD = gnu99;
				GCC_DYNAMIC_NO_PIC = NO;
				GCC_OPTIMIZATION_LEVEL = 0;
				GCC_PREPROCESSOR_DEFINITIONS = (
					"DEBUG=1",
					"$(inherited)",
				);
				GCC_SYMBOLS_PRIVATE_EXTERN = NO;
				GCC_WARN_ABOUT_RETURN_TYPE = YES;
				GCC_WARN_UNINITIALIZED_AUTOS = YES;
				GCC_WARN_UNUSED_VARIABLE = YES;
				IPHONEOS_DEPLOYMENT_TARGET = 6.1;
				ONLY_ACTIVE_ARCH = YES;
				SDKROOT = iphoneos;
				TARGETED_DEVICE_FAMILY = 2;
			};
			name = Debug;
		};
		3667180F18161E7D00B3D443 /* Release */ = {
			isa = XCBuildConfiguration;
			buildSettings = {
				ALWAYS_SEARCH_USER_PATHS = NO;
				CLANG_CXX_LANGUAGE_STANDARD = "gnu++0x";
				CLANG_CXX_LIBRARY = "libc++";
				CLANG_ENABLE_OBJC_ARC = YES;
				CLANG_WARN_CONSTANT_CONVERSION = YES;
				CLANG_WARN_EMPTY_BODY = YES;
				CLANG_WARN_ENUM_CONVERSION = YES;
				CLANG_WARN_INT_CONVERSION = YES;
				CLANG_WARN__DUPLICATE_METHOD_MATCH = YES;
				"CODE_SIGN_IDENTITY[sdk=iphoneos*]" = "iPhone Developer";
				COPY_PHASE_STRIP = YES;
				GCC_C_LANGUAGE_STANDARD = gnu99;
				GCC_WARN_ABOUT_RETURN_TYPE = YES;
				GCC_WARN_UNINITIALIZED_AUTOS = YES;
				GCC_WARN_UNUSED_VARIABLE = YES;
				IPHONEOS_DEPLOYMENT_TARGET = 6.1;
				OTHER_CFLAGS = "-DNS_BLOCK_ASSERTIONS=1";
				SDKROOT = iphoneos;
				TARGETED_DEVICE_FAMILY = 2;
				VALIDATE_PRODUCT = YES;
			};
			name = Release;
		};
		3667181118161E7D00B3D443 /* Debug */ = {
			isa = XCBuildConfiguration;
			buildSettings = {
				CODE_SIGN_IDENTITY = "iPhone Developer";
				GCC_PRECOMPILE_PREFIX_HEADER = YES;
				GCC_PREFIX_HEADER = "ColoringBook/ColoringBook-Prefix.pch";
				INFOPLIST_FILE = "ColoringBook/ColoringBook-Info.plist";
				PRODUCT_NAME = "$(TARGET_NAME)";
				TARGETED_DEVICE_FAMILY = "1,2";
				WRAPPER_EXTENSION = app;
			};
			name = Debug;
		};
		3667181218161E7D00B3D443 /* Release */ = {
			isa = XCBuildConfiguration;
			buildSettings = {
				CODE_SIGN_IDENTITY = "iPhone Developer";
				GCC_PRECOMPILE_PREFIX_HEADER = YES;
				GCC_PREFIX_HEADER = "ColoringBook/ColoringBook-Prefix.pch";
				INFOPLIST_FILE = "ColoringBook/ColoringBook-Info.plist";
				PRODUCT_NAME = "$(TARGET_NAME)";
				TARGETED_DEVICE_FAMILY = "1,2";
				WRAPPER_EXTENSION = app;
			};
			name = Release;
		};
/* End XCBuildConfiguration section */

/* Begin XCConfigurationList section */
		366717E818161E7D00B3D443 /* Build configuration list for PBXProject "ColoringBook" */ = {
			isa = XCConfigurationList;
			buildConfigurations = (
				3667180E18161E7D00B3D443 /* Debug */,
				3667180F18161E7D00B3D443 /* Release */,
			);
			defaultConfigurationIsVisible = 0;
			defaultConfigurationName = Release;
		};
		3667181018161E7D00B3D443 /* Build configuration list for PBXNativeTarget "ColoringBook" */ = {
			isa = XCConfigurationList;
			buildConfigurations = (
				3667181118161E7D00B3D443 /* Debug */,
				3667181218161E7D00B3D443 /* Release */,
			);
			defaultConfigurationIsVisible = 0;
			defaultConfigurationName = Release;
		};
/* End XCConfigurationList section */
	};
	rootObject = 366717E518161E7D00B3D443 /* Project object */;
}
